
Microsoft Visual Studio Solution File, Format Version 12.00
# Visual Studio 15
VisualStudioVersion = 15.0.28307.572
MinimumVisualStudioVersion = 10.0.40219.1
Project("{FAE04EC0-301F-11D3-BF4B-00C04F79EFBC}") = "JogoDaVelha", "JogoDaVelha\JogoDaVelha.csproj", "{F9812F1E-EAF8-4CEA-85AF-5FBEE0EA65F7}"
EndProject
Project("{FAE04EC0-301F-11D3-BF4B-00C04F79EFBC}") = "StrategyPatternPOC", "StrategyPatternPOC\StrategyPatternPOC.csproj", "{D4E8D50A-609A-4949-95E2-E1CDBD883D40}"
EndProject
Global
	GlobalSection(SolutionConfigurationPlatforms) = preSolution
		Debug|Any CPU = Debug|Any CPU
		Release|Any CPU = Release|Any CPU
	EndGlobalSection
	GlobalSection(ProjectConfigurationPlatforms) = postSolution
		{F9812F1E-EAF8-4CEA-85AF-5FBEE0EA65F7}.Debug|Any CPU.ActiveCfg = Debug|Any CPU
		{F9812F1E-EAF8-4CEA-85AF-5FBEE0EA65F7}.Debug|Any CPU.Build.0 = Debug|Any CPU
		{F9812F1E-EAF8-4CEA-85AF-5FBEE0EA65F7}.Release|Any CPU.ActiveCfg = Release|Any CPU
		{F9812F1E-EAF8-4CEA-85AF-5FBEE0EA65F7}.Release|Any CPU.Build.0 = Release|Any CPU
		{D4E8D50A-609A-4949-95E2-E1CDBD883D40}.Debug|Any CPU.ActiveCfg = Debug|Any CPU
		{D4E8D50A-609A-4949-95E2-E1CDBD883D40}.Debug|Any CPU.Build.0 = Debug|Any CPU
		{D4E8D50A-609A-4949-95E2-E1CDBD883D40}.Release|Any CPU.ActiveCfg = Release|Any CPU
		{D4E8D50A-609A-4949-95E2-E1CDBD883D40}.Release|Any CPU.Build.0 = Release|Any CPU
	EndGlobalSection
	GlobalSection(SolutionProperties) = preSolution
		HideSolutionNode = FALSE
	EndGlobalSection
	GlobalSection(ExtensibilityGlobals) = postSolution
		SolutionGuid = {4A59D366-877E-410C-B39B-FE240E2A0182}
	EndGlobalSection
EndGlobal
